// !$*UTF8*$!
{
	archiveVersion = 1;
	classes = {
	};
	objectVersion = 46;
	objects = {

/* Begin PBXBuildFile section */
		B55F6D561E539E4F0097B498 /* Cartfile in Resources */ = {isa = PBXBuildFile; fileRef = B55F6D551E539E4F0097B498 /* Cartfile */; };
		B55F6D5D1E53B0460097B498 /* CurrencyRateXMLSerializer.m in Sources */ = {isa = PBXBuildFile; fileRef = B55F6D5C1E53B0460097B498 /* CurrencyRateXMLSerializer.m */; };
		B55F6D611E53B32F0097B498 /* AFNetworking.framework in Frameworks */ = {isa = PBXBuildFile; fileRef = B55F6D5F1E53B30F0097B498 /* AFNetworking.framework */; };
		B55F6D621E53B32F0097B498 /* AFNetworking.framework in Embed Frameworks */ = {isa = PBXBuildFile; fileRef = B55F6D5F1E53B30F0097B498 /* AFNetworking.framework */; settings = {ATTRIBUTES = (CodeSignOnCopy, RemoveHeadersOnCopy, ); }; };
		B55F6D631E53B32F0097B498 /* PromiseKit.framework in Frameworks */ = {isa = PBXBuildFile; fileRef = B55F6D581E53A0A30097B498 /* PromiseKit.framework */; };
		B55F6D641E53B32F0097B498 /* PromiseKit.framework in Embed Frameworks */ = {isa = PBXBuildFile; fileRef = B55F6D581E53A0A30097B498 /* PromiseKit.framework */; settings = {ATTRIBUTES = (CodeSignOnCopy, RemoveHeadersOnCopy, ); }; };
		B55F6D6C1E53CDD70097B498 /* ExchangeCell.m in Sources */ = {isa = PBXBuildFile; fileRef = B55F6D6B1E53CDD70097B498 /* ExchangeCell.m */; };
		B55F6D731E53E2730097B498 /* ExchangeCell.storyboard in Resources */ = {isa = PBXBuildFile; fileRef = B55F6D721E53E2730097B498 /* ExchangeCell.storyboard */; };
		B58838BD1E53E51B007DD430 /* ExchangeCellViewModel.m in Sources */ = {isa = PBXBuildFile; fileRef = B58838BC1E53E51B007DD430 /* ExchangeCellViewModel.m */; };
		B58838C11E54B60F007DD430 /* ExchangeCell+Updater.m in Sources */ = {isa = PBXBuildFile; fileRef = B58838C01E54B60F007DD430 /* ExchangeCell+Updater.m */; };
		B58838C41E54BD04007DD430 /* ExchangeCellViewModel+ActionReducer.m in Sources */ = {isa = PBXBuildFile; fileRef = B58838C31E54BD04007DD430 /* ExchangeCellViewModel+ActionReducer.m */; };
		B58838CD1E54F5FA007DD430 /* ExchangeOptionsView.m in Sources */ = {isa = PBXBuildFile; fileRef = B58838CC1E54F5FA007DD430 /* ExchangeOptionsView.m */; };
		B58838D01E54F6AB007DD430 /* ExchangeViewController.m in Sources */ = {isa = PBXBuildFile; fileRef = B58838CF1E54F6AB007DD430 /* ExchangeViewController.m */; };
		B58838D61E54F927007DD430 /* ExchangeOptionsViewModel.m in Sources */ = {isa = PBXBuildFile; fileRef = B58838D51E54F927007DD430 /* ExchangeOptionsViewModel.m */; };
		B58838D91E54FE34007DD430 /* MoneyConverter.m in Sources */ = {isa = PBXBuildFile; fileRef = B58838D81E54FE34007DD430 /* MoneyConverter.m */; };
		B58838DE1E55326B007DD430 /* ExchangeMainViewModel.m in Sources */ = {isa = PBXBuildFile; fileRef = B58838DD1E55326B007DD430 /* ExchangeMainViewModel.m */; };
		B58838E11E5536C5007DD430 /* ExchangeOptionsView+PagerDataSource.m in Sources */ = {isa = PBXBuildFile; fileRef = B58838E01E5536C5007DD430 /* ExchangeOptionsView+PagerDataSource.m */; };
		B58838E31E553C95007DD430 /* ExchangeMain.storyboard in Resources */ = {isa = PBXBuildFile; fileRef = B58838E21E553C95007DD430 /* ExchangeMain.storyboard */; };
		B58838E61E553FDC007DD430 /* MainViewController.m in Sources */ = {isa = PBXBuildFile; fileRef = B58838E51E553FDC007DD430 /* MainViewController.m */; };
		B5C283DF1E5358F30080EA19 /* main.m in Sources */ = {isa = PBXBuildFile; fileRef = B5C283DE1E5358F30080EA19 /* main.m */; };
		B5C283E21E5358F30080EA19 /* AppDelegate.m in Sources */ = {isa = PBXBuildFile; fileRef = B5C283E11E5358F30080EA19 /* AppDelegate.m */; };
		B5C283E81E5358F30080EA19 /* Main.storyboard in Resources */ = {isa = PBXBuildFile; fileRef = B5C283E61E5358F30080EA19 /* Main.storyboard */; };
		B5C283EA1E5358F30080EA19 /* Assets.xcassets in Resources */ = {isa = PBXBuildFile; fileRef = B5C283E91E5358F30080EA19 /* Assets.xcassets */; };
		B5C283ED1E5358F30080EA19 /* LaunchScreen.storyboard in Resources */ = {isa = PBXBuildFile; fileRef = B5C283EB1E5358F30080EA19 /* LaunchScreen.storyboard */; };
		B5D0A1A41E535D0F00509AB6 /* CurrencyRate.m in Sources */ = {isa = PBXBuildFile; fileRef = B5D0A1A31E535D0F00509AB6 /* CurrencyRate.m */; };
		B5D0A1A91E535E8500509AB6 /* Money.m in Sources */ = {isa = PBXBuildFile; fileRef = B5D0A1A81E535E8500509AB6 /* Money.m */; };
		B5D0A1AC1E535EBC00509AB6 /* Wallet.m in Sources */ = {isa = PBXBuildFile; fileRef = B5D0A1AB1E535EBC00509AB6 /* Wallet.m */; };
		B5D0A1AF1E5361D800509AB6 /* MutableWallet.m in Sources */ = {isa = PBXBuildFile; fileRef = B5D0A1AE1E5361D800509AB6 /* MutableWallet.m */; };
		B5D0A1B41E536BAD00509AB6 /* Wallet+Private.m in Sources */ = {isa = PBXBuildFile; fileRef = B5D0A1B31E536BAD00509AB6 /* Wallet+Private.m */; };
		B5D0A1B81E538C1D00509AB6 /* WalletStorage.m in Sources */ = {isa = PBXBuildFile; fileRef = B5D0A1B71E538C1D00509AB6 /* WalletStorage.m */; };
		B5D0A1BB1E53943200509AB6 /* DataSource.m in Sources */ = {isa = PBXBuildFile; fileRef = B5D0A1BA1E53943200509AB6 /* DataSource.m */; };
		B5D0A1BE1E5394F400509AB6 /* CurrencyRateStorage.m in Sources */ = {isa = PBXBuildFile; fileRef = B5D0A1BD1E5394F400509AB6 /* CurrencyRateStorage.m */; };
/* End PBXBuildFile section */

/* Begin PBXCopyFilesBuildPhase section */
		B55F6D651E53B32F0097B498 /* Embed Frameworks */ = {
			isa = PBXCopyFilesBuildPhase;
			buildActionMask = 2147483647;
			dstPath = "";
			dstSubfolderSpec = 10;
			files = (
				B55F6D621E53B32F0097B498 /* AFNetworking.framework in Embed Frameworks */,
				B55F6D641E53B32F0097B498 /* PromiseKit.framework in Embed Frameworks */,
			);
			name = "Embed Frameworks";
			runOnlyForDeploymentPostprocessing = 0;
		};
/* End PBXCopyFilesBuildPhase section */

/* Begin PBXFileReference section */
		B55F6D551E539E4F0097B498 /* Cartfile */ = {isa = PBXFileReference; fileEncoding = 4; lastKnownFileType = text; path = Cartfile; sourceTree = SOURCE_ROOT; };
		B55F6D581E53A0A30097B498 /* PromiseKit.framework */ = {isa = PBXFileReference; lastKnownFileType = wrapper.framework; name = PromiseKit.framework; path = Carthage/Build/iOS/PromiseKit.framework; sourceTree = SOURCE_ROOT; };
		B55F6D5B1E53B0460097B498 /* CurrencyRateXMLSerializer.h */ = {isa = PBXFileReference; fileEncoding = 4; lastKnownFileType = sourcecode.c.h; name = CurrencyRateXMLSerializer.h; path = Modules/Storage/Serialization/CurrencyRateXMLSerializer.h; sourceTree = "<group>"; };
		B55F6D5C1E53B0460097B498 /* CurrencyRateXMLSerializer.m */ = {isa = PBXFileReference; fileEncoding = 4; lastKnownFileType = sourcecode.c.objc; name = CurrencyRateXMLSerializer.m; path = Modules/Storage/Serialization/CurrencyRateXMLSerializer.m; sourceTree = "<group>"; };
		B55F6D5F1E53B30F0097B498 /* AFNetworking.framework */ = {isa = PBXFileReference; lastKnownFileType = wrapper.framework; name = AFNetworking.framework; path = ../Carthage/Build/iOS/AFNetworking.framework; sourceTree = "<group>"; };
		B55F6D6A1E53CDD70097B498 /* ExchangeCell.h */ = {isa = PBXFileReference; fileEncoding = 4; lastKnownFileType = sourcecode.c.h; name = ExchangeCell.h; path = Modules/View/ExchangeCell.h; sourceTree = "<group>"; };
		B55F6D6B1E53CDD70097B498 /* ExchangeCell.m */ = {isa = PBXFileReference; fileEncoding = 4; lastKnownFileType = sourcecode.c.objc; name = ExchangeCell.m; path = Modules/View/ExchangeCell.m; sourceTree = "<group>"; };
		B55F6D721E53E2730097B498 /* ExchangeCell.storyboard */ = {isa = PBXFileReference; fileEncoding = 4; lastKnownFileType = file.storyboard; name = ExchangeCell.storyboard; path = Modules/View/ExchangeCell.storyboard; sourceTree = "<group>"; };
		B58838BB1E53E51B007DD430 /* ExchangeCellViewModel.h */ = {isa = PBXFileReference; fileEncoding = 4; lastKnownFileType = sourcecode.c.h; name = ExchangeCellViewModel.h; path = Modules/ViewModel/ExchangeCellViewModel.h; sourceTree = "<group>"; };
		B58838BC1E53E51B007DD430 /* ExchangeCellViewModel.m */ = {isa = PBXFileReference; fileEncoding = 4; lastKnownFileType = sourcecode.c.objc; name = ExchangeCellViewModel.m; path = Modules/ViewModel/ExchangeCellViewModel.m; sourceTree = "<group>"; };
		B58838BF1E54B60F007DD430 /* ExchangeCell+Updater.h */ = {isa = PBXFileReference; fileEncoding = 4; lastKnownFileType = sourcecode.c.h; name = "ExchangeCell+Updater.h"; path = "Modules/View/ExchangeCell+Updater.h"; sourceTree = "<group>"; };
		B58838C01E54B60F007DD430 /* ExchangeCell+Updater.m */ = {isa = PBXFileReference; fileEncoding = 4; lastKnownFileType = sourcecode.c.objc; name = "ExchangeCell+Updater.m"; path = "Modules/View/ExchangeCell+Updater.m"; sourceTree = "<group>"; };
		B58838C21E54BD04007DD430 /* ExchangeCellViewModel+ActionReducer.h */ = {isa = PBXFileReference; fileEncoding = 4; lastKnownFileType = sourcecode.c.h; name = "ExchangeCellViewModel+ActionReducer.h"; path = "Modules/ViewModel/ExchangeCellViewModel+ActionReducer.h"; sourceTree = "<group>"; };
		B58838C31E54BD04007DD430 /* ExchangeCellViewModel+ActionReducer.m */ = {isa = PBXFileReference; fileEncoding = 4; lastKnownFileType = sourcecode.c.objc; name = "ExchangeCellViewModel+ActionReducer.m"; path = "Modules/ViewModel/ExchangeCellViewModel+ActionReducer.m"; sourceTree = "<group>"; };
		B58838C51E54BDD5007DD430 /* ExchangeCellViewModel+Private.h */ = {isa = PBXFileReference; lastKnownFileType = sourcecode.c.h; name = "ExchangeCellViewModel+Private.h"; path = "Modules/ViewModel/ExchangeCellViewModel+Private.h"; sourceTree = "<group>"; };
		B58838CB1E54F5FA007DD430 /* ExchangeOptionsView.h */ = {isa = PBXFileReference; fileEncoding = 4; lastKnownFileType = sourcecode.c.h; name = ExchangeOptionsView.h; path = Modules/View/ExchangeOptions/ExchangeOptionsView.h; sourceTree = "<group>"; };
		B58838CC1E54F5FA007DD430 /* ExchangeOptionsView.m */ = {isa = PBXFileReference; fileEncoding = 4; lastKnownFileType = sourcecode.c.objc; name = ExchangeOptionsView.m; path = Modules/View/ExchangeOptions/ExchangeOptionsView.m; sourceTree = "<group>"; };
		B58838CE1E54F6AB007DD430 /* ExchangeViewController.h */ = {isa = PBXFileReference; fileEncoding = 4; lastKnownFileType = sourcecode.c.h; name = ExchangeViewController.h; path = Modules/View/ExchangeMain/ExchangeViewController.h; sourceTree = "<group>"; };
		B58838CF1E54F6AB007DD430 /* ExchangeViewController.m */ = {isa = PBXFileReference; fileEncoding = 4; lastKnownFileType = sourcecode.c.objc; name = ExchangeViewController.m; path = Modules/View/ExchangeMain/ExchangeViewController.m; sourceTree = "<group>"; };
		B58838D41E54F927007DD430 /* ExchangeOptionsViewModel.h */ = {isa = PBXFileReference; fileEncoding = 4; lastKnownFileType = sourcecode.c.h; name = ExchangeOptionsViewModel.h; path = Modules/ViewModel/ExchangeOptions/ExchangeOptionsViewModel.h; sourceTree = "<group>"; };
		B58838D51E54F927007DD430 /* ExchangeOptionsViewModel.m */ = {isa = PBXFileReference; fileEncoding = 4; lastKnownFileType = sourcecode.c.objc; name = ExchangeOptionsViewModel.m; path = Modules/ViewModel/ExchangeOptions/ExchangeOptionsViewModel.m; sourceTree = "<group>"; };
		B58838D71E54FE34007DD430 /* MoneyConverter.h */ = {isa = PBXFileReference; fileEncoding = 4; lastKnownFileType = sourcecode.c.h; name = MoneyConverter.h; path = Modules/Model/Utils/MoneyConverter.h; sourceTree = "<group>"; };
		B58838D81E54FE34007DD430 /* MoneyConverter.m */ = {isa = PBXFileReference; fileEncoding = 4; lastKnownFileType = sourcecode.c.objc; name = MoneyConverter.m; path = Modules/Model/Utils/MoneyConverter.m; sourceTree = "<group>"; };
		B58838DC1E55326B007DD430 /* ExchangeMainViewModel.h */ = {isa = PBXFileReference; fileEncoding = 4; lastKnownFileType = sourcecode.c.h; name = ExchangeMainViewModel.h; path = Modules/ViewModel/ExchangeMain/ExchangeMainViewModel.h; sourceTree = "<group>"; };
		B58838DD1E55326B007DD430 /* ExchangeMainViewModel.m */ = {isa = PBXFileReference; fileEncoding = 4; lastKnownFileType = sourcecode.c.objc; name = ExchangeMainViewModel.m; path = Modules/ViewModel/ExchangeMain/ExchangeMainViewModel.m; sourceTree = "<group>"; };
		B58838DF1E5536C5007DD430 /* ExchangeOptionsView+PagerDataSource.h */ = {isa = PBXFileReference; fileEncoding = 4; lastKnownFileType = sourcecode.c.h; name = "ExchangeOptionsView+PagerDataSource.h"; path = "Modules/View/ExchangeOptions/ExchangeOptionsView+PagerDataSource.h"; sourceTree = "<group>"; };
		B58838E01E5536C5007DD430 /* ExchangeOptionsView+PagerDataSource.m */ = {isa = PBXFileReference; fileEncoding = 4; lastKnownFileType = sourcecode.c.objc; name = "ExchangeOptionsView+PagerDataSource.m"; path = "Modules/View/ExchangeOptions/ExchangeOptionsView+PagerDataSource.m"; sourceTree = "<group>"; };
		B58838E21E553C95007DD430 /* ExchangeMain.storyboard */ = {isa = PBXFileReference; fileEncoding = 4; lastKnownFileType = file.storyboard; name = ExchangeMain.storyboard; path = Modules/View/ExchangeMain/ExchangeMain.storyboard; sourceTree = "<group>"; };
		B58838E41E553FDB007DD430 /* MainViewController.h */ = {isa = PBXFileReference; fileEncoding = 4; lastKnownFileType = sourcecode.c.h; path = MainViewController.h; sourceTree = "<group>"; };
		B58838E51E553FDC007DD430 /* MainViewController.m */ = {isa = PBXFileReference; fileEncoding = 4; lastKnownFileType = sourcecode.c.objc; path = MainViewController.m; sourceTree = "<group>"; };
		B5C283DA1E5358F30080EA19 /* Exchange.app */ = {isa = PBXFileReference; explicitFileType = wrapper.application; includeInIndex = 0; path = Exchange.app; sourceTree = BUILT_PRODUCTS_DIR; };
		B5C283DE1E5358F30080EA19 /* main.m */ = {isa = PBXFileReference; lastKnownFileType = sourcecode.c.objc; path = main.m; sourceTree = "<group>"; };
		B5C283E01E5358F30080EA19 /* AppDelegate.h */ = {isa = PBXFileReference; lastKnownFileType = sourcecode.c.h; path = AppDelegate.h; sourceTree = "<group>"; };
		B5C283E11E5358F30080EA19 /* AppDelegate.m */ = {isa = PBXFileReference; lastKnownFileType = sourcecode.c.objc; path = AppDelegate.m; sourceTree = "<group>"; };
		B5C283E71E5358F30080EA19 /* Base */ = {isa = PBXFileReference; lastKnownFileType = file.storyboard; name = Base; path = Base.lproj/Main.storyboard; sourceTree = "<group>"; };
		B5C283E91E5358F30080EA19 /* Assets.xcassets */ = {isa = PBXFileReference; lastKnownFileType = folder.assetcatalog; path = Assets.xcassets; sourceTree = "<group>"; };
		B5C283EC1E5358F30080EA19 /* Base */ = {isa = PBXFileReference; lastKnownFileType = file.storyboard; name = Base; path = Base.lproj/LaunchScreen.storyboard; sourceTree = "<group>"; };
		B5C283EE1E5358F30080EA19 /* Info.plist */ = {isa = PBXFileReference; lastKnownFileType = text.plist.xml; path = Info.plist; sourceTree = "<group>"; };
		B5D0A1A21E535D0F00509AB6 /* CurrencyRate.h */ = {isa = PBXFileReference; fileEncoding = 4; lastKnownFileType = sourcecode.c.h; name = CurrencyRate.h; path = Modules/Model/CurrencyRate.h; sourceTree = "<group>"; };
		B5D0A1A31E535D0F00509AB6 /* CurrencyRate.m */ = {isa = PBXFileReference; fileEncoding = 4; lastKnownFileType = sourcecode.c.objc; name = CurrencyRate.m; path = Modules/Model/CurrencyRate.m; sourceTree = "<group>"; };
		B5D0A1A71E535E8500509AB6 /* Money.h */ = {isa = PBXFileReference; fileEncoding = 4; lastKnownFileType = sourcecode.c.h; name = Money.h; path = Modules/Model/Money.h; sourceTree = "<group>"; };
		B5D0A1A81E535E8500509AB6 /* Money.m */ = {isa = PBXFileReference; fileEncoding = 4; lastKnownFileType = sourcecode.c.objc; name = Money.m; path = Modules/Model/Money.m; sourceTree = "<group>"; };
		B5D0A1AA1E535EBC00509AB6 /* Wallet.h */ = {isa = PBXFileReference; fileEncoding = 4; lastKnownFileType = sourcecode.c.h; name = Wallet.h; path = Modules/Model/Wallet.h; sourceTree = "<group>"; };
		B5D0A1AB1E535EBC00509AB6 /* Wallet.m */ = {isa = PBXFileReference; fileEncoding = 4; lastKnownFileType = sourcecode.c.objc; name = Wallet.m; path = Modules/Model/Wallet.m; sourceTree = "<group>"; };
		B5D0A1AD1E5361D800509AB6 /* MutableWallet.h */ = {isa = PBXFileReference; fileEncoding = 4; lastKnownFileType = sourcecode.c.h; name = MutableWallet.h; path = Modules/Model/MutableWallet.h; sourceTree = "<group>"; };
		B5D0A1AE1E5361D800509AB6 /* MutableWallet.m */ = {isa = PBXFileReference; fileEncoding = 4; lastKnownFileType = sourcecode.c.objc; name = MutableWallet.m; path = Modules/Model/MutableWallet.m; sourceTree = "<group>"; };
		B5D0A1B01E53676C00509AB6 /* Let.h */ = {isa = PBXFileReference; lastKnownFileType = sourcecode.c.h; name = Let.h; path = Utils/Let.h; sourceTree = "<group>"; };
		B5D0A1B21E536BAD00509AB6 /* Wallet+Private.h */ = {isa = PBXFileReference; fileEncoding = 4; lastKnownFileType = sourcecode.c.h; name = "Wallet+Private.h"; path = "Modules/Model/Wallet+Private.h"; sourceTree = "<group>"; };
		B5D0A1B31E536BAD00509AB6 /* Wallet+Private.m */ = {isa = PBXFileReference; fileEncoding = 4; lastKnownFileType = sourcecode.c.objc; name = "Wallet+Private.m"; path = "Modules/Model/Wallet+Private.m"; sourceTree = "<group>"; };
		B5D0A1B61E538C1D00509AB6 /* WalletStorage.h */ = {isa = PBXFileReference; fileEncoding = 4; lastKnownFileType = sourcecode.c.h; name = WalletStorage.h; path = Modules/Storage/WalletStorage.h; sourceTree = "<group>"; };
		B5D0A1B71E538C1D00509AB6 /* WalletStorage.m */ = {isa = PBXFileReference; fileEncoding = 4; lastKnownFileType = sourcecode.c.objc; name = WalletStorage.m; path = Modules/Storage/WalletStorage.m; sourceTree = "<group>"; };
		B5D0A1B91E53943200509AB6 /* DataSource.h */ = {isa = PBXFileReference; fileEncoding = 4; lastKnownFileType = sourcecode.c.h; name = DataSource.h; path = Modules/Storage/DataSource.h; sourceTree = "<group>"; };
		B5D0A1BA1E53943200509AB6 /* DataSource.m */ = {isa = PBXFileReference; fileEncoding = 4; lastKnownFileType = sourcecode.c.objc; name = DataSource.m; path = Modules/Storage/DataSource.m; sourceTree = "<group>"; };
		B5D0A1BC1E5394F400509AB6 /* CurrencyRateStorage.h */ = {isa = PBXFileReference; fileEncoding = 4; lastKnownFileType = sourcecode.c.h; name = CurrencyRateStorage.h; path = Modules/Storage/CurrencyRateStorage.h; sourceTree = "<group>"; };
		B5D0A1BD1E5394F400509AB6 /* CurrencyRateStorage.m */ = {isa = PBXFileReference; fileEncoding = 4; lastKnownFileType = sourcecode.c.objc; name = CurrencyRateStorage.m; path = Modules/Storage/CurrencyRateStorage.m; sourceTree = "<group>"; };
/* End PBXFileReference section */

/* Begin PBXFrameworksBuildPhase section */
		B5C283D71E5358F20080EA19 /* Frameworks */ = {
			isa = PBXFrameworksBuildPhase;
			buildActionMask = 2147483647;
			files = (
				B55F6D611E53B32F0097B498 /* AFNetworking.framework in Frameworks */,
				B55F6D631E53B32F0097B498 /* PromiseKit.framework in Frameworks */,
			);
			runOnlyForDeploymentPostprocessing = 0;
		};
/* End PBXFrameworksBuildPhase section */

/* Begin PBXGroup section */
		B55F6D571E53A0620097B498 /* ThrirdParty */ = {
			isa = PBXGroup;
			children = (
				B55F6D551E539E4F0097B498 /* Cartfile */,
				B55F6D5F1E53B30F0097B498 /* AFNetworking.framework */,
				B55F6D581E53A0A30097B498 /* PromiseKit.framework */,
			);
			name = ThrirdParty;
			sourceTree = "<group>";
		};
		B55F6D5A1E53AFEF0097B498 /* Serialization */ = {
			isa = PBXGroup;
			children = (
				B55F6D5B1E53B0460097B498 /* CurrencyRateXMLSerializer.h */,
				B55F6D5C1E53B0460097B498 /* CurrencyRateXMLSerializer.m */,
			);
			name = Serialization;
			sourceTree = "<group>";
		};
		B55F6D5E1E53B30F0097B498 /* Frameworks */ = {
			isa = PBXGroup;
			children = (
			);
			name = Frameworks;
			sourceTree = "<group>";
		};
		B55F6D6D1E53CDDA0097B498 /* View */ = {
			isa = PBXGroup;
			children = (
				B58838C81E54F3FE007DD430 /* ExchangeOptions */,
				B58838C61E54F3B0007DD430 /* ExchangeCell */,
				B58838D11E54F6B3007DD430 /* ExchangeMain */,
			);
			name = View;
			sourceTree = "<group>";
		};
		B58838BE1E53E524007DD430 /* ViewModel */ = {
			isa = PBXGroup;
			children = (
				B58838DB1E553253007DD430 /* ExchangeMain */,
				B58838D31E54F8F9007DD430 /* ExchangeOptions */,
				B58838D21E54F8DA007DD430 /* ExchangeCell */,
			);
			name = ViewModel;
			sourceTree = "<group>";
		};
		B58838C61E54F3B0007DD430 /* ExchangeCell */ = {
			isa = PBXGroup;
			children = (
				B55F6D6A1E53CDD70097B498 /* ExchangeCell.h */,
				B55F6D721E53E2730097B498 /* ExchangeCell.storyboard */,
				B55F6D6B1E53CDD70097B498 /* ExchangeCell.m */,
				B58838BF1E54B60F007DD430 /* ExchangeCell+Updater.h */,
				B58838C01E54B60F007DD430 /* ExchangeCell+Updater.m */,
			);
			name = ExchangeCell;
			sourceTree = "<group>";
		};
		B58838C81E54F3FE007DD430 /* ExchangeOptions */ = {
			isa = PBXGroup;
			children = (
				B58838CB1E54F5FA007DD430 /* ExchangeOptionsView.h */,
				B58838CC1E54F5FA007DD430 /* ExchangeOptionsView.m */,
				B58838DF1E5536C5007DD430 /* ExchangeOptionsView+PagerDataSource.h */,
				B58838E01E5536C5007DD430 /* ExchangeOptionsView+PagerDataSource.m */,
			);
			name = ExchangeOptions;
			sourceTree = "<group>";
		};
		B58838D11E54F6B3007DD430 /* ExchangeMain */ = {
			isa = PBXGroup;
			children = (
				B58838CE1E54F6AB007DD430 /* ExchangeViewController.h */,
				B58838E21E553C95007DD430 /* ExchangeMain.storyboard */,
				B58838CF1E54F6AB007DD430 /* ExchangeViewController.m */,
			);
			name = ExchangeMain;
			sourceTree = "<group>";
		};
		B58838D21E54F8DA007DD430 /* ExchangeCell */ = {
			isa = PBXGroup;
			children = (
				B58838BB1E53E51B007DD430 /* ExchangeCellViewModel.h */,
				B58838C51E54BDD5007DD430 /* ExchangeCellViewModel+Private.h */,
				B58838C21E54BD04007DD430 /* ExchangeCellViewModel+ActionReducer.h */,
				B58838C31E54BD04007DD430 /* ExchangeCellViewModel+ActionReducer.m */,
				B58838BC1E53E51B007DD430 /* ExchangeCellViewModel.m */,
			);
			name = ExchangeCell;
			sourceTree = "<group>";
		};
		B58838D31E54F8F9007DD430 /* ExchangeOptions */ = {
			isa = PBXGroup;
			children = (
				B58838D41E54F927007DD430 /* ExchangeOptionsViewModel.h */,
				B58838D51E54F927007DD430 /* ExchangeOptionsViewModel.m */,
			);
			name = ExchangeOptions;
			sourceTree = "<group>";
		};
		B58838DA1E54FE3A007DD430 /* Utils */ = {
			isa = PBXGroup;
			children = (
				B58838D71E54FE34007DD430 /* MoneyConverter.h */,
				B58838D81E54FE34007DD430 /* MoneyConverter.m */,
			);
			name = Utils;
			sourceTree = "<group>";
		};
		B58838DB1E553253007DD430 /* ExchangeMain */ = {
			isa = PBXGroup;
			children = (
				B58838DC1E55326B007DD430 /* ExchangeMainViewModel.h */,
				B58838DD1E55326B007DD430 /* ExchangeMainViewModel.m */,
			);
			name = ExchangeMain;
			sourceTree = "<group>";
		};
		B5C283D11E5358F20080EA19 = {
			isa = PBXGroup;
			children = (
				B5C283DC1E5358F30080EA19 /* Exchange */,
				B5C283DB1E5358F30080EA19 /* Products */,
				B55F6D5E1E53B30F0097B498 /* Frameworks */,
			);
			sourceTree = "<group>";
		};
		B5C283DB1E5358F30080EA19 /* Products */ = {
			isa = PBXGroup;
			children = (
				B5C283DA1E5358F30080EA19 /* Exchange.app */,
			);
			name = Products;
			sourceTree = "<group>";
		};
		B5C283DC1E5358F30080EA19 /* Exchange */ = {
			isa = PBXGroup;
			children = (
				B55F6D571E53A0620097B498 /* ThrirdParty */,
				B5D0A1A61E535D1700509AB6 /* Modules */,
				B5C283E01E5358F30080EA19 /* AppDelegate.h */,
				B5C283E11E5358F30080EA19 /* AppDelegate.m */,
				B5C283E61E5358F30080EA19 /* Main.storyboard */,
				B58838E41E553FDB007DD430 /* MainViewController.h */,
				B58838E51E553FDC007DD430 /* MainViewController.m */,
				B5C283E91E5358F30080EA19 /* Assets.xcassets */,
				B5C283EB1E5358F30080EA19 /* LaunchScreen.storyboard */,
				B5C283EE1E5358F30080EA19 /* Info.plist */,
				B5C283DD1E5358F30080EA19 /* Supporting Files */,
				B5D0A1B11E53677100509AB6 /* Utils */,
			);
			path = Exchange;
			sourceTree = "<group>";
		};
		B5C283DD1E5358F30080EA19 /* Supporting Files */ = {
			isa = PBXGroup;
			children = (
				B5C283DE1E5358F30080EA19 /* main.m */,
			);
			name = "Supporting Files";
			sourceTree = "<group>";
		};
		B5D0A1A11E535B5F00509AB6 /* Model */ = {
			isa = PBXGroup;
			children = (
				B5D0A1A21E535D0F00509AB6 /* CurrencyRate.h */,
				B5D0A1A31E535D0F00509AB6 /* CurrencyRate.m */,
				B5D0A1A71E535E8500509AB6 /* Money.h */,
				B5D0A1A81E535E8500509AB6 /* Money.m */,
				B5D0A1AA1E535EBC00509AB6 /* Wallet.h */,
				B5D0A1AB1E535EBC00509AB6 /* Wallet.m */,
				B5D0A1B21E536BAD00509AB6 /* Wallet+Private.h */,
				B5D0A1B31E536BAD00509AB6 /* Wallet+Private.m */,
				B5D0A1AD1E5361D800509AB6 /* MutableWallet.h */,
				B5D0A1AE1E5361D800509AB6 /* MutableWallet.m */,
				B58838DA1E54FE3A007DD430 /* Utils */,
			);
			name = Model;
			sourceTree = "<group>";
		};
		B5D0A1A61E535D1700509AB6 /* Modules */ = {
			isa = PBXGroup;
			children = (
				B58838BE1E53E524007DD430 /* ViewModel */,
				B55F6D6D1E53CDDA0097B498 /* View */,
				B5D0A1B51E538BEF00509AB6 /* Storage */,
				B5D0A1A11E535B5F00509AB6 /* Model */,
			);
			name = Modules;
			sourceTree = "<group>";
		};
		B5D0A1B11E53677100509AB6 /* Utils */ = {
			isa = PBXGroup;
			children = (
				B5D0A1B01E53676C00509AB6 /* Let.h */,
			);
			name = Utils;
			sourceTree = "<group>";
		};
		B5D0A1B51E538BEF00509AB6 /* Storage */ = {
			isa = PBXGroup;
			children = (
				B55F6D5A1E53AFEF0097B498 /* Serialization */,
				B5D0A1B91E53943200509AB6 /* DataSource.h */,
				B5D0A1BA1E53943200509AB6 /* DataSource.m */,
				B5D0A1B61E538C1D00509AB6 /* WalletStorage.h */,
				B5D0A1B71E538C1D00509AB6 /* WalletStorage.m */,
				B5D0A1BC1E5394F400509AB6 /* CurrencyRateStorage.h */,
				B5D0A1BD1E5394F400509AB6 /* CurrencyRateStorage.m */,
			);
			name = Storage;
			sourceTree = "<group>";
		};
/* End PBXGroup section */

/* Begin PBXNativeTarget section */
		B5C283D91E5358F20080EA19 /* Exchange */ = {
			isa = PBXNativeTarget;
			buildConfigurationList = B5C283F11E5358F30080EA19 /* Build configuration list for PBXNativeTarget "Exchange" */;
			buildPhases = (
				B5C283D61E5358F20080EA19 /* Sources */,
				B5C283D71E5358F20080EA19 /* Frameworks */,
				B5C283D81E5358F20080EA19 /* Resources */,
				B55F6D651E53B32F0097B498 /* Embed Frameworks */,
			);
			buildRules = (
			);
			dependencies = (
			);
			name = Exchange;
			productName = Exchange;
			productReference = B5C283DA1E5358F30080EA19 /* Exchange.app */;
			productType = "com.apple.product-type.application";
		};
/* End PBXNativeTarget section */

/* Begin PBXProject section */
		B5C283D21E5358F20080EA19 /* Project object */ = {
			isa = PBXProject;
			attributes = {
				LastUpgradeCheck = 0820;
				ORGANIZATIONNAME = KYurichev;
				TargetAttributes = {
					B5C283D91E5358F20080EA19 = {
						CreatedOnToolsVersion = 8.2.1;
						ProvisioningStyle = Automatic;
					};
				};
			};
			buildConfigurationList = B5C283D51E5358F20080EA19 /* Build configuration list for PBXProject "Exchange" */;
			compatibilityVersion = "Xcode 3.2";
			developmentRegion = English;
			hasScannedForEncodings = 0;
			knownRegions = (
				en,
				Base,
			);
			mainGroup = B5C283D11E5358F20080EA19;
			productRefGroup = B5C283DB1E5358F30080EA19 /* Products */;
			projectDirPath = "";
			projectRoot = "";
			targets = (
				B5C283D91E5358F20080EA19 /* Exchange */,
			);
		};
/* End PBXProject section */

/* Begin PBXResourcesBuildPhase section */
		B5C283D81E5358F20080EA19 /* Resources */ = {
			isa = PBXResourcesBuildPhase;
			buildActionMask = 2147483647;
			files = (
				B55F6D561E539E4F0097B498 /* Cartfile in Resources */,
				B55F6D731E53E2730097B498 /* ExchangeCell.storyboard in Resources */,
				B5C283ED1E5358F30080EA19 /* LaunchScreen.storyboard in Resources */,
				B5C283EA1E5358F30080EA19 /* Assets.xcassets in Resources */,
				B58838E31E553C95007DD430 /* ExchangeMain.storyboard in Resources */,
				B5C283E81E5358F30080EA19 /* Main.storyboard in Resources */,
			);
			runOnlyForDeploymentPostprocessing = 0;
		};
/* End PBXResourcesBuildPhase section */

/* Begin PBXSourcesBuildPhase section */
		B5C283D61E5358F20080EA19 /* Sources */ = {
			isa = PBXSourcesBuildPhase;
			buildActionMask = 2147483647;
			files = (
				B55F6D5D1E53B0460097B498 /* CurrencyRateXMLSerializer.m in Sources */,
				B5D0A1AC1E535EBC00509AB6 /* Wallet.m in Sources */,
				B5D0A1A41E535D0F00509AB6 /* CurrencyRate.m in Sources */,
				B5C283E21E5358F30080EA19 /* AppDelegate.m in Sources */,
				B55F6D6C1E53CDD70097B498 /* ExchangeCell.m in Sources */,
				B5D0A1A91E535E8500509AB6 /* Money.m in Sources */,
				B58838DE1E55326B007DD430 /* ExchangeMainViewModel.m in Sources */,
				B58838D91E54FE34007DD430 /* MoneyConverter.m in Sources */,
				B58838D61E54F927007DD430 /* ExchangeOptionsViewModel.m in Sources */,
				B5D0A1B81E538C1D00509AB6 /* WalletStorage.m in Sources */,
				B58838D01E54F6AB007DD430 /* ExchangeViewController.m in Sources */,
				B58838E61E553FDC007DD430 /* MainViewController.m in Sources */,
				B5C283DF1E5358F30080EA19 /* main.m in Sources */,
				B5D0A1AF1E5361D800509AB6 /* MutableWallet.m in Sources */,
				B58838BD1E53E51B007DD430 /* ExchangeCellViewModel.m in Sources */,
				B58838CD1E54F5FA007DD430 /* ExchangeOptionsView.m in Sources */,
				B5D0A1B41E536BAD00509AB6 /* Wallet+Private.m in Sources */,
				B5D0A1BE1E5394F400509AB6 /* CurrencyRateStorage.m in Sources */,
				B58838C11E54B60F007DD430 /* ExchangeCell+Updater.m in Sources */,
				B5D0A1BB1E53943200509AB6 /* DataSource.m in Sources */,
				B58838C41E54BD04007DD430 /* ExchangeCellViewModel+ActionReducer.m in Sources */,
				B58838E11E5536C5007DD430 /* ExchangeOptionsView+PagerDataSource.m in Sources */,
			);
			runOnlyForDeploymentPostprocessing = 0;
		};
/* End PBXSourcesBuildPhase section */

/* Begin PBXVariantGroup section */
		B5C283E61E5358F30080EA19 /* Main.storyboard */ = {
			isa = PBXVariantGroup;
			children = (
				B5C283E71E5358F30080EA19 /* Base */,
			);
			name = Main.storyboard;
			sourceTree = "<group>";
		};
		B5C283EB1E5358F30080EA19 /* LaunchScreen.storyboard */ = {
			isa = PBXVariantGroup;
			children = (
				B5C283EC1E5358F30080EA19 /* Base */,
			);
			name = LaunchScreen.storyboard;
			sourceTree = "<group>";
		};
/* End PBXVariantGroup section */

/* Begin XCBuildConfiguration section */
		B5C283EF1E5358F30080EA19 /* Debug */ = {
			isa = XCBuildConfiguration;
			buildSettings = {
				ALWAYS_SEARCH_USER_PATHS = NO;
				CLANG_ANALYZER_NONNULL = YES;
				CLANG_CXX_LANGUAGE_STANDARD = "gnu++0x";
				CLANG_CXX_LIBRARY = "libc++";
				CLANG_ENABLE_MODULES = YES;
				CLANG_ENABLE_OBJC_ARC = YES;
				CLANG_WARN_BOOL_CONVERSION = YES;
				CLANG_WARN_CONSTANT_CONVERSION = YES;
				CLANG_WARN_DIRECT_OBJC_ISA_USAGE = YES_ERROR;
				CLANG_WARN_DOCUMENTATION_COMMENTS = YES;
				CLANG_WARN_EMPTY_BODY = YES;
				CLANG_WARN_ENUM_CONVERSION = YES;
				CLANG_WARN_INFINITE_RECURSION = YES;
				CLANG_WARN_INT_CONVERSION = YES;
				CLANG_WARN_OBJC_ROOT_CLASS = YES_ERROR;
				CLANG_WARN_SUSPICIOUS_MOVE = YES;
				CLANG_WARN_UNREACHABLE_CODE = YES;
				CLANG_WARN__DUPLICATE_METHOD_MATCH = YES;
				"CODE_SIGN_IDENTITY[sdk=iphoneos*]" = "iPhone Developer";
				COPY_PHASE_STRIP = NO;
				DEBUG_INFORMATION_FORMAT = dwarf;
				ENABLE_STRICT_OBJC_MSGSEND = YES;
				ENABLE_TESTABILITY = YES;
				GCC_C_LANGUAGE_STANDARD = gnu99;
				GCC_DYNAMIC_NO_PIC = NO;
				GCC_NO_COMMON_BLOCKS = YES;
				GCC_OPTIMIZATION_LEVEL = 0;
				GCC_PREPROCESSOR_DEFINITIONS = (
					"DEBUG=1",
					"$(inherited)",
				);
				GCC_WARN_64_TO_32_BIT_CONVERSION = YES;
				GCC_WARN_ABOUT_RETURN_TYPE = YES_ERROR;
				GCC_WARN_UNDECLARED_SELECTOR = YES;
				GCC_WARN_UNINITIALIZED_AUTOS = YES_AGGRESSIVE;
				GCC_WARN_UNUSED_FUNCTION = YES;
				GCC_WARN_UNUSED_VARIABLE = YES;
				IPHONEOS_DEPLOYMENT_TARGET = 10.2;
				MTL_ENABLE_DEBUG_INFO = YES;
				ONLY_ACTIVE_ARCH = YES;
				SDKROOT = iphoneos;
				TARGETED_DEVICE_FAMILY = "1,2";
			};
			name = Debug;
		};
		B5C283F01E5358F30080EA19 /* Release */ = {
			isa = XCBuildConfiguration;
			buildSettings = {
				ALWAYS_SEARCH_USER_PATHS = NO;
				CLANG_ANALYZER_NONNULL = YES;
				CLANG_CXX_LANGUAGE_STANDARD = "gnu++0x";
				CLANG_CXX_LIBRARY = "libc++";
				CLANG_ENABLE_MODULES = YES;
				CLANG_ENABLE_OBJC_ARC = YES;
				CLANG_WARN_BOOL_CONVERSION = YES;
				CLANG_WARN_CONSTANT_CONVERSION = YES;
				CLANG_WARN_DIRECT_OBJC_ISA_USAGE = YES_ERROR;
				CLANG_WARN_DOCUMENTATION_COMMENTS = YES;
				CLANG_WARN_EMPTY_BODY = YES;
				CLANG_WARN_ENUM_CONVERSION = YES;
				CLANG_WARN_INFINITE_RECURSION = YES;
				CLANG_WARN_INT_CONVERSION = YES;
				CLANG_WARN_OBJC_ROOT_CLASS = YES_ERROR;
				CLANG_WARN_SUSPICIOUS_MOVE = YES;
				CLANG_WARN_UNREACHABLE_CODE = YES;
				CLANG_WARN__DUPLICATE_METHOD_MATCH = YES;
				"CODE_SIGN_IDENTITY[sdk=iphoneos*]" = "iPhone Developer";
				COPY_PHASE_STRIP = NO;
				DEBUG_INFORMATION_FORMAT = "dwarf-with-dsym";
				ENABLE_NS_ASSERTIONS = NO;
				ENABLE_STRICT_OBJC_MSGSEND = YES;
				GCC_C_LANGUAGE_STANDARD = gnu99;
				GCC_NO_COMMON_BLOCKS = YES;
				GCC_WARN_64_TO_32_BIT_CONVERSION = YES;
				GCC_WARN_ABOUT_RETURN_TYPE = YES_ERROR;
				GCC_WARN_UNDECLARED_SELECTOR = YES;
				GCC_WARN_UNINITIALIZED_AUTOS = YES_AGGRESSIVE;
				GCC_WARN_UNUSED_FUNCTION = YES;
				GCC_WARN_UNUSED_VARIABLE = YES;
				IPHONEOS_DEPLOYMENT_TARGET = 10.2;
				MTL_ENABLE_DEBUG_INFO = NO;
				SDKROOT = iphoneos;
				TARGETED_DEVICE_FAMILY = "1,2";
				VALIDATE_PRODUCT = YES;
			};
			name = Release;
		};
		B5C283F21E5358F30080EA19 /* Debug */ = {
			isa = XCBuildConfiguration;
			buildSettings = {
				ALWAYS_EMBED_SWIFT_STANDARD_LIBRARIES = YES;
				ASSETCATALOG_COMPILER_APPICON_NAME = AppIcon;
				FRAMEWORK_SEARCH_PATHS = (
					"$(inherited)",
					"$(PROJECT_DIR)/Carthage/Build/iOS",
				);
				GCC_PRECOMPILE_PREFIX_HEADER = YES;
				GCC_PREFIX_HEADER = "$(SRCROOT)/$(PRODUCT_NAME)/Utils/Let.h";
				INFOPLIST_FILE = Exchange/Info.plist;
				IPHONEOS_DEPLOYMENT_TARGET = 8.4;
				LD_RUNPATH_SEARCH_PATHS = "$(inherited) @executable_path/Frameworks";
				PRODUCT_BUNDLE_IDENTIFIER = KYurichev.Exchange;
				PRODUCT_NAME = "$(TARGET_NAME)";
			};
			name = Debug;
		};
		B5C283F31E5358F30080EA19 /* Release */ = {
			isa = XCBuildConfiguration;
			buildSettings = {
				ALWAYS_EMBED_SWIFT_STANDARD_LIBRARIES = YES;
				ASSETCATALOG_COMPILER_APPICON_NAME = AppIcon;
				FRAMEWORK_SEARCH_PATHS = (
					"$(inherited)",
					"$(PROJECT_DIR)/Carthage/Build/iOS",
				);
				GCC_PRECOMPILE_PREFIX_HEADER = YES;
				GCC_PREFIX_HEADER = "$(SRCROOT)/$(PRODUCT_NAME)/Utils/Let.h";
				INFOPLIST_FILE = Exchange/Info.plist;
				IPHONEOS_DEPLOYMENT_TARGET = 8.4;
				LD_RUNPATH_SEARCH_PATHS = "$(inherited) @executable_path/Frameworks";
				PRODUCT_BUNDLE_IDENTIFIER = KYurichev.Exchange;
				PRODUCT_NAME = "$(TARGET_NAME)";
			};
			name = Release;
		};
/* End XCBuildConfiguration section */

/* Begin XCConfigurationList section */
		B5C283D51E5358F20080EA19 /* Build configuration list for PBXProject "Exchange" */ = {
			isa = XCConfigurationList;
			buildConfigurations = (
				B5C283EF1E5358F30080EA19 /* Debug */,
				B5C283F01E5358F30080EA19 /* Release */,
			);
			defaultConfigurationIsVisible = 0;
			defaultConfigurationName = Release;
		};
		B5C283F11E5358F30080EA19 /* Build configuration list for PBXNativeTarget "Exchange" */ = {
			isa = XCConfigurationList;
			buildConfigurations = (
				B5C283F21E5358F30080EA19 /* Debug */,
				B5C283F31E5358F30080EA19 /* Release */,
			);
			defaultConfigurationIsVisible = 0;
			defaultConfigurationName = Release;
		};
/* End XCConfigurationList section */
	};
	rootObject = B5C283D21E5358F20080EA19 /* Project object */;
}
